
Microsoft Visual Studio Solution File, Format Version 12.00
# Visual Studio 15
VisualStudioVersion = 15.0.28307.1000
MinimumVisualStudioVersion = 10.0.40219.1
Project("{FAE04EC0-301F-11D3-BF4B-00C04F79EFBC}") = "TP_DatingSite", "TP_DatingSite\TP_DatingSite.csproj", "{776D39F7-59D1-43E8-901C-083A7CF1A1A6}"
EndProject
Global
	GlobalSection(SolutionConfigurationPlatforms) = preSolution
		Debug|Any CPU = Debug|Any CPU
		Release|Any CPU = Release|Any CPU
	EndGlobalSection
	GlobalSection(ProjectConfigurationPlatforms) = postSolution
		{776D39F7-59D1-43E8-901C-083A7CF1A1A6}.Debug|Any CPU.ActiveCfg = Debug|Any CPU
		{776D39F7-59D1-43E8-901C-083A7CF1A1A6}.Debug|Any CPU.Build.0 = Debug|Any CPU
		{776D39F7-59D1-43E8-901C-083A7CF1A1A6}.Release|Any CPU.ActiveCfg = Release|Any CPU
		{776D39F7-59D1-43E8-901C-083A7CF1A1A6}.Release|Any CPU.Build.0 = Release|Any CPU
	EndGlobalSection
	GlobalSection(SolutionProperties) = preSolution
		HideSolutionNode = FALSE
	EndGlobalSection
	GlobalSection(ExtensibilityGlobals) = postSolution
		SolutionGuid = {7869DEC6-C5EF-43CF-AB8E-A50EE07CA06A}
	EndGlobalSection
EndGlobal
